// !$*UTF8*$!
{
	archiveVersion = 1;
	classes = {
	};
	objectVersion = 50;
	objects = {

/* Begin PBXBuildFile section */
		2129D39D20AACB8B002441FD /* RNCoreAnimationComponents.h in CopyFiles */ = {isa = PBXBuildFile; fileRef = 2129D39A20AACB8B002441FD /* RNCoreAnimationComponents.h */; };
		2129D3DE20AACD2E002441FD /* JZHCircleLayer.m in Sources */ = {isa = PBXBuildFile; fileRef = 2129D3DD20AACD2E002441FD /* JZHCircleLayer.m */; };
		2129D3E120AAD04C002441FD /* JZHCircleView.m in Sources */ = {isa = PBXBuildFile; fileRef = 2129D3E020AAD04C002441FD /* JZHCircleView.m */; };
		2129D3E420AAD1AE002441FD /* JZHCircleViewManager.m in Sources */ = {isa = PBXBuildFile; fileRef = 2129D3E320AAD1AE002441FD /* JZHCircleViewManager.m */; };
		2129D45920AADFA8002441FD /* JZHGooeySlideMenu.m in Sources */ = {isa = PBXBuildFile; fileRef = 2129D45820AADFA8002441FD /* JZHGooeySlideMenu.m */; };
		2129D45C20AAE659002441FD /* JZHSlideMenuButton.m in Sources */ = {isa = PBXBuildFile; fileRef = 2129D45B20AAE659002441FD /* JZHSlideMenuButton.m */; };
		2129D45F20AAEA7F002441FD /* JZHGooeySlideMenuViewManager.m in Sources */ = {isa = PBXBuildFile; fileRef = 2129D45E20AAEA7F002441FD /* JZHGooeySlideMenuViewManager.m */; };
		2129D47520AB1AD9002441FD /* RCTConvert+SlideMenu.m in Sources */ = {isa = PBXBuildFile; fileRef = 2129D47420AB1AD9002441FD /* RCTConvert+SlideMenu.m */; };
		2129D51320ABEF0F002441FD /* NSString+JZHColorConvertor.m in Sources */ = {isa = PBXBuildFile; fileRef = 2129D51220ABEF0F002441FD /* NSString+JZHColorConvertor.m */; };
		215597EB20AEC31E00B908C0 /* JZHJumpStar.m in Sources */ = {isa = PBXBuildFile; fileRef = 215597EA20AEC31E00B908C0 /* JZHJumpStar.m */; };
		215597EE20AEC69A00B908C0 /* JZHJumpStarViewManager.m in Sources */ = {isa = PBXBuildFile; fileRef = 215597ED20AEC69A00B908C0 /* JZHJumpStarViewManager.m */; };
		2155982820AEE7A300B908C0 /* JZHPulseLoaderView.m in Sources */ = {isa = PBXBuildFile; fileRef = 2155982720AEE7A300B908C0 /* JZHPulseLoaderView.m */; };
		2155982B20AEE84600B908C0 /* JZHPulseLoaderViewManager.m in Sources */ = {isa = PBXBuildFile; fileRef = 2155982A20AEE84600B908C0 /* JZHPulseLoaderViewManager.m */; };
		2155984A20B1275A00B908C0 /* JZHAnimatedTextView.m in Sources */ = {isa = PBXBuildFile; fileRef = 2155984920B1275A00B908C0 /* JZHAnimatedTextView.m */; };
		21AF0DF020AC33080035C821 /* JZHAnimatedDownloadButton.m in Sources */ = {isa = PBXBuildFile; fileRef = 21AF0DEF20AC33080035C821 /* JZHAnimatedDownloadButton.m */; };
		21AF0DF320AC36FF0035C821 /* JZHDownloadButtonViewManager.m in Sources */ = {isa = PBXBuildFile; fileRef = 21AF0DF220AC36FF0035C821 /* JZHDownloadButtonViewManager.m */; };
		21AF0E3220AD2A960035C821 /* JZHBubbleTransition.m in Sources */ = {isa = PBXBuildFile; fileRef = 21AF0E3120AD2A960035C821 /* JZHBubbleTransition.m */; };
		21AF0E3520AD2C120035C821 /* JZHInteractiveTransition.m in Sources */ = {isa = PBXBuildFile; fileRef = 21AF0E3420AD2C120035C821 /* JZHInteractiveTransition.m */; };
		21AF0E3D20AD32450035C821 /* JZHLoadingHUD.m in Sources */ = {isa = PBXBuildFile; fileRef = 21AF0E3C20AD32450035C821 /* JZHLoadingHUD.m */; };
		21AF0E5B20AD43F10035C821 /* JZHDynamicCover.m in Sources */ = {isa = PBXBuildFile; fileRef = 21AF0E5A20AD43F10035C821 /* JZHDynamicCover.m */; };
		21AF0E5E20AD56490035C821 /* JZHDynamicCoverViewManager.m in Sources */ = {isa = PBXBuildFile; fileRef = 21AF0E5D20AD56490035C821 /* JZHDynamicCoverViewManager.m */; };
		21AF0E6F20AD74300035C821 /* JZHFireworkView.m in Sources */ = {isa = PBXBuildFile; fileRef = 21AF0E6E20AD74300035C821 /* JZHFireworkView.m */; };
		21AF0E7220AD789E0035C821 /* JZHFireworkButton.m in Sources */ = {isa = PBXBuildFile; fileRef = 21AF0E7120AD789E0035C821 /* JZHFireworkButton.m */; };
		21AF0E7520AD7F730035C821 /* JZHFireworkButtonViewManager.m in Sources */ = {isa = PBXBuildFile; fileRef = 21AF0E7420AD7F730035C821 /* JZHFireworkButtonViewManager.m */; };
		21AF0EA020ADBD710035C821 /* JZHCardView.m in Sources */ = {isa = PBXBuildFile; fileRef = 21AF0E9F20ADBD710035C821 /* JZHCardView.m */; };
		21AF0EA320ADC0A90035C821 /* JZHCardViewManager.m in Sources */ = {isa = PBXBuildFile; fileRef = 21AF0EA220ADC0A90035C821 /* JZHCardViewManager.m */; };
		21B2F98220B139CC002460B6 /* JZHAnimatedTextViewManager.m in Sources */ = {isa = PBXBuildFile; fileRef = 21B2F98120B139CC002460B6 /* JZHAnimatedTextViewManager.m */; };
		21B2F9FE20B2734D002460B6 /* JZHDrawingboardView.m in Sources */ = {isa = PBXBuildFile; fileRef = 21B2F9FD20B2734D002460B6 /* JZHDrawingboardView.m */; };
		21B2FA0120B278AF002460B6 /* JZHDrawingboardViewManager.m in Sources */ = {isa = PBXBuildFile; fileRef = 21B2FA0020B278AF002460B6 /* JZHDrawingboardViewManager.m */; };
		21B2FA5820B3BE04002460B6 /* JZHStarOverlayView.m in Sources */ = {isa = PBXBuildFile; fileRef = 21B2FA5720B3BE04002460B6 /* JZHStarOverlayView.m */; };
		21B2FA7620B3DCDD002460B6 /* JZHStarOverlayViewManager.m in Sources */ = {isa = PBXBuildFile; fileRef = 21B2FA7520B3DCDD002460B6 /* JZHStarOverlayViewManager.m */; };
		21B2FAD020B42DD3002460B6 /* JZHProfileButton.m in Sources */ = {isa = PBXBuildFile; fileRef = 21B2FACF20B42DD3002460B6 /* JZHProfileButton.m */; };
		21B2FAD320B430B0002460B6 /* CircularRevealAnimator.m in Sources */ = {isa = PBXBuildFile; fileRef = 21B2FAD220B430B0002460B6 /* CircularRevealAnimator.m */; };
		21B2FAD620B46724002460B6 /* JZHProfileButtonViewManager.m in Sources */ = {isa = PBXBuildFile; fileRef = 21B2FAD520B46724002460B6 /* JZHProfileButtonViewManager.m */; };
		21B2FAF020B51389002460B6 /* JZHStarWarsGLAnimator.m in Sources */ = {isa = PBXBuildFile; fileRef = 21B2FAEF20B51389002460B6 /* JZHStarWarsGLAnimator.m */; };
		21B2FAF520B51589002460B6 /* JZHSprite.m in Sources */ = {isa = PBXBuildFile; fileRef = 21B2FAF420B51589002460B6 /* JZHSprite.m */; };
		21B2FAF820B5437E002460B6 /* JZHSpriteRender.m in Sources */ = {isa = PBXBuildFile; fileRef = 21B2FAF720B5437E002460B6 /* JZHSpriteRender.m */; };
		21B2FAFB20B543CE002460B6 /* JZHViewTexture.m in Sources */ = {isa = PBXBuildFile; fileRef = 21B2FAFA20B543CE002460B6 /* JZHViewTexture.m */; };
		21B2FAFE20B55D4C002460B6 /* JZHModalTransitionDelegate.m in Sources */ = {isa = PBXBuildFile; fileRef = 21B2FAFD20B55D4C002460B6 /* JZHModalTransitionDelegate.m */; };
		21B2FB0420B57AD3002460B6 /* RCTModalHostView+JZHUseCustomDelegate.m in Sources */ = {isa = PBXBuildFile; fileRef = 21B2FB0320B57AD3002460B6 /* RCTModalHostView+JZHUseCustomDelegate.m */; };
		21B2FB5120B6A475002460B6 /* JZHUIDynamicAnimator.m in Sources */ = {isa = PBXBuildFile; fileRef = 21B2FB5020B6A475002460B6 /* JZHUIDynamicAnimator.m */; };
/* End PBXBuildFile section */

/* Begin PBXCopyFilesBuildPhase section */
		2129D39520AACB8B002441FD /* CopyFiles */ = {
			isa = PBXCopyFilesBuildPhase;
			buildActionMask = 2147483647;
			dstPath = "include/$(PRODUCT_NAME)";
			dstSubfolderSpec = 16;
			files = (
				2129D39D20AACB8B002441FD /* RNCoreAnimationComponents.h in CopyFiles */,
			);
			runOnlyForDeploymentPostprocessing = 0;
		};
/* End PBXCopyFilesBuildPhase section */

/* Begin PBXFileReference section */
		2129D39720AACB8B002441FD /* libRNCoreAnimationComponents.a */ = {isa = PBXFileReference; explicitFileType = archive.ar; includeInIndex = 0; path = libRNCoreAnimationComponents.a; sourceTree = BUILT_PRODUCTS_DIR; };
		2129D39A20AACB8B002441FD /* RNCoreAnimationComponents.h */ = {isa = PBXFileReference; lastKnownFileType = sourcecode.c.h; path = RNCoreAnimationComponents.h; sourceTree = "<group>"; };
		2129D3DC20AACD2E002441FD /* JZHCircleLayer.h */ = {isa = PBXFileReference; lastKnownFileType = sourcecode.c.h; path = JZHCircleLayer.h; sourceTree = "<group>"; };
		2129D3DD20AACD2E002441FD /* JZHCircleLayer.m */ = {isa = PBXFileReference; lastKnownFileType = sourcecode.c.objc; path = JZHCircleLayer.m; sourceTree = "<group>"; };
		2129D3DF20AAD04C002441FD /* JZHCircleView.h */ = {isa = PBXFileReference; lastKnownFileType = sourcecode.c.h; path = JZHCircleView.h; sourceTree = "<group>"; };
		2129D3E020AAD04C002441FD /* JZHCircleView.m */ = {isa = PBXFileReference; lastKnownFileType = sourcecode.c.objc; path = JZHCircleView.m; sourceTree = "<group>"; };
		2129D3E220AAD1AE002441FD /* JZHCircleViewManager.h */ = {isa = PBXFileReference; lastKnownFileType = sourcecode.c.h; path = JZHCircleViewManager.h; sourceTree = "<group>"; };
		2129D3E320AAD1AE002441FD /* JZHCircleViewManager.m */ = {isa = PBXFileReference; lastKnownFileType = sourcecode.c.objc; path = JZHCircleViewManager.m; sourceTree = "<group>"; };
		2129D45720AADFA8002441FD /* JZHGooeySlideMenu.h */ = {isa = PBXFileReference; lastKnownFileType = sourcecode.c.h; path = JZHGooeySlideMenu.h; sourceTree = "<group>"; };
		2129D45820AADFA8002441FD /* JZHGooeySlideMenu.m */ = {isa = PBXFileReference; lastKnownFileType = sourcecode.c.objc; path = JZHGooeySlideMenu.m; sourceTree = "<group>"; };
		2129D45A20AAE659002441FD /* JZHSlideMenuButton.h */ = {isa = PBXFileReference; lastKnownFileType = sourcecode.c.h; path = JZHSlideMenuButton.h; sourceTree = "<group>"; };
		2129D45B20AAE659002441FD /* JZHSlideMenuButton.m */ = {isa = PBXFileReference; lastKnownFileType = sourcecode.c.objc; path = JZHSlideMenuButton.m; sourceTree = "<group>"; };
		2129D45D20AAEA7F002441FD /* JZHGooeySlideMenuViewManager.h */ = {isa = PBXFileReference; lastKnownFileType = sourcecode.c.h; path = JZHGooeySlideMenuViewManager.h; sourceTree = "<group>"; };
		2129D45E20AAEA7F002441FD /* JZHGooeySlideMenuViewManager.m */ = {isa = PBXFileReference; lastKnownFileType = sourcecode.c.objc; path = JZHGooeySlideMenuViewManager.m; sourceTree = "<group>"; };
		2129D47320AB1AD9002441FD /* RCTConvert+SlideMenu.h */ = {isa = PBXFileReference; lastKnownFileType = sourcecode.c.h; path = "RCTConvert+SlideMenu.h"; sourceTree = "<group>"; };
		2129D47420AB1AD9002441FD /* RCTConvert+SlideMenu.m */ = {isa = PBXFileReference; lastKnownFileType = sourcecode.c.objc; path = "RCTConvert+SlideMenu.m"; sourceTree = "<group>"; };
		2129D51120ABEF0F002441FD /* NSString+JZHColorConvertor.h */ = {isa = PBXFileReference; lastKnownFileType = sourcecode.c.h; path = "NSString+JZHColorConvertor.h"; sourceTree = "<group>"; };
		2129D51220ABEF0F002441FD /* NSString+JZHColorConvertor.m */ = {isa = PBXFileReference; lastKnownFileType = sourcecode.c.objc; path = "NSString+JZHColorConvertor.m"; sourceTree = "<group>"; };
		215597E920AEC31E00B908C0 /* JZHJumpStar.h */ = {isa = PBXFileReference; lastKnownFileType = sourcecode.c.h; path = JZHJumpStar.h; sourceTree = "<group>"; };
		215597EA20AEC31E00B908C0 /* JZHJumpStar.m */ = {isa = PBXFileReference; lastKnownFileType = sourcecode.c.objc; path = JZHJumpStar.m; sourceTree = "<group>"; };
		215597EC20AEC69A00B908C0 /* JZHJumpStarViewManager.h */ = {isa = PBXFileReference; lastKnownFileType = sourcecode.c.h; path = JZHJumpStarViewManager.h; sourceTree = "<group>"; };
		215597ED20AEC69A00B908C0 /* JZHJumpStarViewManager.m */ = {isa = PBXFileReference; lastKnownFileType = sourcecode.c.objc; path = JZHJumpStarViewManager.m; sourceTree = "<group>"; };
		2155982620AEE7A300B908C0 /* JZHPulseLoaderView.h */ = {isa = PBXFileReference; lastKnownFileType = sourcecode.c.h; path = JZHPulseLoaderView.h; sourceTree = "<group>"; };
		2155982720AEE7A300B908C0 /* JZHPulseLoaderView.m */ = {isa = PBXFileReference; lastKnownFileType = sourcecode.c.objc; path = JZHPulseLoaderView.m; sourceTree = "<group>"; };
		2155982920AEE84600B908C0 /* JZHPulseLoaderViewManager.h */ = {isa = PBXFileReference; lastKnownFileType = sourcecode.c.h; path = JZHPulseLoaderViewManager.h; sourceTree = "<group>"; };
		2155982A20AEE84600B908C0 /* JZHPulseLoaderViewManager.m */ = {isa = PBXFileReference; lastKnownFileType = sourcecode.c.objc; path = JZHPulseLoaderViewManager.m; sourceTree = "<group>"; };
		2155984820B1275A00B908C0 /* JZHAnimatedTextView.h */ = {isa = PBXFileReference; lastKnownFileType = sourcecode.c.h; path = JZHAnimatedTextView.h; sourceTree = "<group>"; };
		2155984920B1275A00B908C0 /* JZHAnimatedTextView.m */ = {isa = PBXFileReference; lastKnownFileType = sourcecode.c.objc; path = JZHAnimatedTextView.m; sourceTree = "<group>"; };
		21AF0DEE20AC33080035C821 /* JZHAnimatedDownloadButton.h */ = {isa = PBXFileReference; lastKnownFileType = sourcecode.c.h; path = JZHAnimatedDownloadButton.h; sourceTree = "<group>"; };
		21AF0DEF20AC33080035C821 /* JZHAnimatedDownloadButton.m */ = {isa = PBXFileReference; lastKnownFileType = sourcecode.c.objc; path = JZHAnimatedDownloadButton.m; sourceTree = "<group>"; };
		21AF0DF120AC36FF0035C821 /* JZHDownloadButtonViewManager.h */ = {isa = PBXFileReference; lastKnownFileType = sourcecode.c.h; path = JZHDownloadButtonViewManager.h; sourceTree = "<group>"; };
		21AF0DF220AC36FF0035C821 /* JZHDownloadButtonViewManager.m */ = {isa = PBXFileReference; lastKnownFileType = sourcecode.c.objc; path = JZHDownloadButtonViewManager.m; sourceTree = "<group>"; };
		21AF0E3020AD2A960035C821 /* JZHBubbleTransition.h */ = {isa = PBXFileReference; lastKnownFileType = sourcecode.c.h; path = JZHBubbleTransition.h; sourceTree = "<group>"; };
		21AF0E3120AD2A960035C821 /* JZHBubbleTransition.m */ = {isa = PBXFileReference; lastKnownFileType = sourcecode.c.objc; path = JZHBubbleTransition.m; sourceTree = "<group>"; };
		21AF0E3320AD2C120035C821 /* JZHInteractiveTransition.h */ = {isa = PBXFileReference; lastKnownFileType = sourcecode.c.h; path = JZHInteractiveTransition.h; sourceTree = "<group>"; };
		21AF0E3420AD2C120035C821 /* JZHInteractiveTransition.m */ = {isa = PBXFileReference; lastKnownFileType = sourcecode.c.objc; path = JZHInteractiveTransition.m; sourceTree = "<group>"; };
		21AF0E3B20AD32450035C821 /* JZHLoadingHUD.h */ = {isa = PBXFileReference; lastKnownFileType = sourcecode.c.h; path = JZHLoadingHUD.h; sourceTree = "<group>"; };
		21AF0E3C20AD32450035C821 /* JZHLoadingHUD.m */ = {isa = PBXFileReference; lastKnownFileType = sourcecode.c.objc; path = JZHLoadingHUD.m; sourceTree = "<group>"; };
		21AF0E5920AD43F10035C821 /* JZHDynamicCover.h */ = {isa = PBXFileReference; lastKnownFileType = sourcecode.c.h; path = JZHDynamicCover.h; sourceTree = "<group>"; };
		21AF0E5A20AD43F10035C821 /* JZHDynamicCover.m */ = {isa = PBXFileReference; lastKnownFileType = sourcecode.c.objc; path = JZHDynamicCover.m; sourceTree = "<group>"; };
		21AF0E5C20AD56490035C821 /* JZHDynamicCoverViewManager.h */ = {isa = PBXFileReference; lastKnownFileType = sourcecode.c.h; path = JZHDynamicCoverViewManager.h; sourceTree = "<group>"; };
		21AF0E5D20AD56490035C821 /* JZHDynamicCoverViewManager.m */ = {isa = PBXFileReference; lastKnownFileType = sourcecode.c.objc; path = JZHDynamicCoverViewManager.m; sourceTree = "<group>"; };
		21AF0E6D20AD74300035C821 /* JZHFireworkView.h */ = {isa = PBXFileReference; lastKnownFileType = sourcecode.c.h; path = JZHFireworkView.h; sourceTree = "<group>"; };
		21AF0E6E20AD74300035C821 /* JZHFireworkView.m */ = {isa = PBXFileReference; lastKnownFileType = sourcecode.c.objc; path = JZHFireworkView.m; sourceTree = "<group>"; };
		21AF0E7020AD789E0035C821 /* JZHFireworkButton.h */ = {isa = PBXFileReference; lastKnownFileType = sourcecode.c.h; path = JZHFireworkButton.h; sourceTree = "<group>"; };
		21AF0E7120AD789E0035C821 /* JZHFireworkButton.m */ = {isa = PBXFileReference; lastKnownFileType = sourcecode.c.objc; path = JZHFireworkButton.m; sourceTree = "<group>"; };
		21AF0E7320AD7F730035C821 /* JZHFireworkButtonViewManager.h */ = {isa = PBXFileReference; lastKnownFileType = sourcecode.c.h; path = JZHFireworkButtonViewManager.h; sourceTree = "<group>"; };
		21AF0E7420AD7F730035C821 /* JZHFireworkButtonViewManager.m */ = {isa = PBXFileReference; lastKnownFileType = sourcecode.c.objc; path = JZHFireworkButtonViewManager.m; sourceTree = "<group>"; };
		21AF0E9E20ADBD710035C821 /* JZHCardView.h */ = {isa = PBXFileReference; lastKnownFileType = sourcecode.c.h; path = JZHCardView.h; sourceTree = "<group>"; };
		21AF0E9F20ADBD710035C821 /* JZHCardView.m */ = {isa = PBXFileReference; lastKnownFileType = sourcecode.c.objc; path = JZHCardView.m; sourceTree = "<group>"; };
		21AF0EA120ADC0A90035C821 /* JZHCardViewManager.h */ = {isa = PBXFileReference; lastKnownFileType = sourcecode.c.h; path = JZHCardViewManager.h; sourceTree = "<group>"; };
		21AF0EA220ADC0A90035C821 /* JZHCardViewManager.m */ = {isa = PBXFileReference; lastKnownFileType = sourcecode.c.objc; path = JZHCardViewManager.m; sourceTree = "<group>"; };
		21B2F98020B139CC002460B6 /* JZHAnimatedTextViewManager.h */ = {isa = PBXFileReference; lastKnownFileType = sourcecode.c.h; path = JZHAnimatedTextViewManager.h; sourceTree = "<group>"; };
		21B2F98120B139CC002460B6 /* JZHAnimatedTextViewManager.m */ = {isa = PBXFileReference; lastKnownFileType = sourcecode.c.objc; path = JZHAnimatedTextViewManager.m; sourceTree = "<group>"; };
		21B2F9FC20B2734D002460B6 /* JZHDrawingboardView.h */ = {isa = PBXFileReference; lastKnownFileType = sourcecode.c.h; path = JZHDrawingboardView.h; sourceTree = "<group>"; };
		21B2F9FD20B2734D002460B6 /* JZHDrawingboardView.m */ = {isa = PBXFileReference; lastKnownFileType = sourcecode.c.objc; path = JZHDrawingboardView.m; sourceTree = "<group>"; };
		21B2F9FF20B278AF002460B6 /* JZHDrawingboardViewManager.h */ = {isa = PBXFileReference; lastKnownFileType = sourcecode.c.h; path = JZHDrawingboardViewManager.h; sourceTree = "<group>"; };
		21B2FA0020B278AF002460B6 /* JZHDrawingboardViewManager.m */ = {isa = PBXFileReference; lastKnownFileType = sourcecode.c.objc; path = JZHDrawingboardViewManager.m; sourceTree = "<group>"; };
		21B2FA5620B3BE04002460B6 /* JZHStarOverlayView.h */ = {isa = PBXFileReference; lastKnownFileType = sourcecode.c.h; path = JZHStarOverlayView.h; sourceTree = "<group>"; };
		21B2FA5720B3BE04002460B6 /* JZHStarOverlayView.m */ = {isa = PBXFileReference; lastKnownFileType = sourcecode.c.objc; path = JZHStarOverlayView.m; sourceTree = "<group>"; };
		21B2FA7420B3DCDD002460B6 /* JZHStarOverlayViewManager.h */ = {isa = PBXFileReference; lastKnownFileType = sourcecode.c.h; path = JZHStarOverlayViewManager.h; sourceTree = "<group>"; };
		21B2FA7520B3DCDD002460B6 /* JZHStarOverlayViewManager.m */ = {isa = PBXFileReference; lastKnownFileType = sourcecode.c.objc; path = JZHStarOverlayViewManager.m; sourceTree = "<group>"; };
		21B2FACE20B42DD3002460B6 /* JZHProfileButton.h */ = {isa = PBXFileReference; lastKnownFileType = sourcecode.c.h; path = JZHProfileButton.h; sourceTree = "<group>"; };
		21B2FACF20B42DD3002460B6 /* JZHProfileButton.m */ = {isa = PBXFileReference; lastKnownFileType = sourcecode.c.objc; path = JZHProfileButton.m; sourceTree = "<group>"; };
		21B2FAD120B430B0002460B6 /* CircularRevealAnimator.h */ = {isa = PBXFileReference; lastKnownFileType = sourcecode.c.h; path = CircularRevealAnimator.h; sourceTree = "<group>"; };
		21B2FAD220B430B0002460B6 /* CircularRevealAnimator.m */ = {isa = PBXFileReference; lastKnownFileType = sourcecode.c.objc; path = CircularRevealAnimator.m; sourceTree = "<group>"; };
		21B2FAD420B46724002460B6 /* JZHProfileButtonViewManager.h */ = {isa = PBXFileReference; lastKnownFileType = sourcecode.c.h; path = JZHProfileButtonViewManager.h; sourceTree = "<group>"; };
		21B2FAD520B46724002460B6 /* JZHProfileButtonViewManager.m */ = {isa = PBXFileReference; lastKnownFileType = sourcecode.c.objc; path = JZHProfileButtonViewManager.m; sourceTree = "<group>"; };
		21B2FAEE20B51389002460B6 /* JZHStarWarsGLAnimator.h */ = {isa = PBXFileReference; lastKnownFileType = sourcecode.c.h; path = JZHStarWarsGLAnimator.h; sourceTree = "<group>"; };
		21B2FAEF20B51389002460B6 /* JZHStarWarsGLAnimator.m */ = {isa = PBXFileReference; lastKnownFileType = sourcecode.c.objc; path = JZHStarWarsGLAnimator.m; sourceTree = "<group>"; };
		21B2FAF320B51589002460B6 /* JZHSprite.h */ = {isa = PBXFileReference; lastKnownFileType = sourcecode.c.h; path = JZHSprite.h; sourceTree = "<group>"; };
		21B2FAF420B51589002460B6 /* JZHSprite.m */ = {isa = PBXFileReference; lastKnownFileType = sourcecode.c.objc; path = JZHSprite.m; sourceTree = "<group>"; };
		21B2FAF620B5437E002460B6 /* JZHSpriteRender.h */ = {isa = PBXFileReference; lastKnownFileType = sourcecode.c.h; path = JZHSpriteRender.h; sourceTree = "<group>"; };
		21B2FAF720B5437E002460B6 /* JZHSpriteRender.m */ = {isa = PBXFileReference; lastKnownFileType = sourcecode.c.objc; path = JZHSpriteRender.m; sourceTree = "<group>"; };
		21B2FAF920B543CE002460B6 /* JZHViewTexture.h */ = {isa = PBXFileReference; lastKnownFileType = sourcecode.c.h; path = JZHViewTexture.h; sourceTree = "<group>"; };
		21B2FAFA20B543CE002460B6 /* JZHViewTexture.m */ = {isa = PBXFileReference; lastKnownFileType = sourcecode.c.objc; path = JZHViewTexture.m; sourceTree = "<group>"; };
		21B2FAFC20B55D4C002460B6 /* JZHModalTransitionDelegate.h */ = {isa = PBXFileReference; lastKnownFileType = sourcecode.c.h; path = JZHModalTransitionDelegate.h; sourceTree = "<group>"; };
		21B2FAFD20B55D4C002460B6 /* JZHModalTransitionDelegate.m */ = {isa = PBXFileReference; lastKnownFileType = sourcecode.c.objc; path = JZHModalTransitionDelegate.m; sourceTree = "<group>"; };
		21B2FB0220B57AD3002460B6 /* RCTModalHostView+JZHUseCustomDelegate.h */ = {isa = PBXFileReference; lastKnownFileType = sourcecode.c.h; path = "RCTModalHostView+JZHUseCustomDelegate.h"; sourceTree = "<group>"; };
		21B2FB0320B57AD3002460B6 /* RCTModalHostView+JZHUseCustomDelegate.m */ = {isa = PBXFileReference; lastKnownFileType = sourcecode.c.objc; path = "RCTModalHostView+JZHUseCustomDelegate.m"; sourceTree = "<group>"; };
		21B2FB4F20B6A474002460B6 /* JZHUIDynamicAnimator.h */ = {isa = PBXFileReference; fileEncoding = 4; lastKnownFileType = sourcecode.c.h; path = JZHUIDynamicAnimator.h; sourceTree = "<group>"; };
		21B2FB5020B6A475002460B6 /* JZHUIDynamicAnimator.m */ = {isa = PBXFileReference; fileEncoding = 4; lastKnownFileType = sourcecode.c.objc; path = JZHUIDynamicAnimator.m; sourceTree = "<group>"; };
/* End PBXFileReference section */

/* Begin PBXFrameworksBuildPhase section */
		2129D39420AACB8B002441FD /* Frameworks */ = {
			isa = PBXFrameworksBuildPhase;
			buildActionMask = 2147483647;
			files = (
			);
			runOnlyForDeploymentPostprocessing = 0;
		};
/* End PBXFrameworksBuildPhase section */

/* Begin PBXGroup section */
		2129D38E20AACB8B002441FD = {
			isa = PBXGroup;
			children = (
				2129D39920AACB8B002441FD /* RNCoreAnimationComponents */,
				2129D39820AACB8B002441FD /* Products */,
			);
			sourceTree = "<group>";
		};
		2129D39820AACB8B002441FD /* Products */ = {
			isa = PBXGroup;
			children = (
				2129D39720AACB8B002441FD /* libRNCoreAnimationComponents.a */,
			);
			name = Products;
			sourceTree = "<group>";
		};
		2129D39920AACB8B002441FD /* RNCoreAnimationComponents */ = {
			isa = PBXGroup;
			children = (
				21B2FAE420B509ED002460B6 /* CustomModal */,
				21B2FA5520B3BDD3002460B6 /* StarsWars */,
				21B2F9FB20B272ED002460B6 /* Drawingboard */,
				2155984720B126FB00B908C0 /* AnimatedText */,
				2155982520AEE75600B908C0 /* PulseLoader */,
				215597E820AEC2F300B908C0 /* JumpStar */,
				21AF0E9D20ADBD4C0035C821 /* CardView */,
				21AF0E6C20AD73A10035C821 /* FireworkButton */,
				21AF0E5820AD43770035C821 /* DynamicCover */,
				21AF0E3A20AD321D0035C821 /* LoadingHUD */,
				21AF0E2F20AD2A6C0035C821 /* BubbleTransition */,
				21AF0DED20AC329B0035C821 /* AnimatedDownloadButton */,
				2129D51420ABEF13002441FD /* Categories */,
				2129D45620AADF7E002441FD /* GooeySlideMenu */,
				2129D40C20AAD6B2002441FD /* AnimatedCircleView */,
				2129D39A20AACB8B002441FD /* RNCoreAnimationComponents.h */,
			);
			path = RNCoreAnimationComponents;
			sourceTree = "<group>";
		};
		2129D40C20AAD6B2002441FD /* AnimatedCircleView */ = {
			isa = PBXGroup;
			children = (
				2129D3DC20AACD2E002441FD /* JZHCircleLayer.h */,
				2129D3DD20AACD2E002441FD /* JZHCircleLayer.m */,
				2129D3DF20AAD04C002441FD /* JZHCircleView.h */,
				2129D3E020AAD04C002441FD /* JZHCircleView.m */,
				2129D3E220AAD1AE002441FD /* JZHCircleViewManager.h */,
				2129D3E320AAD1AE002441FD /* JZHCircleViewManager.m */,
			);
			path = AnimatedCircleView;
			sourceTree = "<group>";
		};
		2129D45620AADF7E002441FD /* GooeySlideMenu */ = {
			isa = PBXGroup;
			children = (
				2129D45720AADFA8002441FD /* JZHGooeySlideMenu.h */,
				2129D45820AADFA8002441FD /* JZHGooeySlideMenu.m */,
				2129D45A20AAE659002441FD /* JZHSlideMenuButton.h */,
				2129D45B20AAE659002441FD /* JZHSlideMenuButton.m */,
				2129D45D20AAEA7F002441FD /* JZHGooeySlideMenuViewManager.h */,
				2129D45E20AAEA7F002441FD /* JZHGooeySlideMenuViewManager.m */,
			);
			path = GooeySlideMenu;
			sourceTree = "<group>";
		};
		2129D51420ABEF13002441FD /* Categories */ = {
			isa = PBXGroup;
			children = (
				2129D51120ABEF0F002441FD /* NSString+JZHColorConvertor.h */,
				2129D51220ABEF0F002441FD /* NSString+JZHColorConvertor.m */,
				2129D47320AB1AD9002441FD /* RCTConvert+SlideMenu.h */,
				2129D47420AB1AD9002441FD /* RCTConvert+SlideMenu.m */,
			);
			path = Categories;
			sourceTree = "<group>";
		};
		215597E820AEC2F300B908C0 /* JumpStar */ = {
			isa = PBXGroup;
			children = (
				215597E920AEC31E00B908C0 /* JZHJumpStar.h */,
				215597EA20AEC31E00B908C0 /* JZHJumpStar.m */,
				215597EC20AEC69A00B908C0 /* JZHJumpStarViewManager.h */,
				215597ED20AEC69A00B908C0 /* JZHJumpStarViewManager.m */,
			);
			path = JumpStar;
			sourceTree = "<group>";
		};
		2155982520AEE75600B908C0 /* PulseLoader */ = {
			isa = PBXGroup;
			children = (
				2155982620AEE7A300B908C0 /* JZHPulseLoaderView.h */,
				2155982720AEE7A300B908C0 /* JZHPulseLoaderView.m */,
				2155982920AEE84600B908C0 /* JZHPulseLoaderViewManager.h */,
				2155982A20AEE84600B908C0 /* JZHPulseLoaderViewManager.m */,
			);
			path = PulseLoader;
			sourceTree = "<group>";
		};
		2155984720B126FB00B908C0 /* AnimatedText */ = {
			isa = PBXGroup;
			children = (
				2155984820B1275A00B908C0 /* JZHAnimatedTextView.h */,
				2155984920B1275A00B908C0 /* JZHAnimatedTextView.m */,
				21B2F98020B139CC002460B6 /* JZHAnimatedTextViewManager.h */,
				21B2F98120B139CC002460B6 /* JZHAnimatedTextViewManager.m */,
			);
			path = AnimatedText;
			sourceTree = "<group>";
		};
		21AF0DED20AC329B0035C821 /* AnimatedDownloadButton */ = {
			isa = PBXGroup;
			children = (
				21AF0DEE20AC33080035C821 /* JZHAnimatedDownloadButton.h */,
				21AF0DEF20AC33080035C821 /* JZHAnimatedDownloadButton.m */,
				21AF0DF120AC36FF0035C821 /* JZHDownloadButtonViewManager.h */,
				21AF0DF220AC36FF0035C821 /* JZHDownloadButtonViewManager.m */,
			);
			path = AnimatedDownloadButton;
			sourceTree = "<group>";
		};
		21AF0E2F20AD2A6C0035C821 /* BubbleTransition */ = {
			isa = PBXGroup;
			children = (
				21AF0E3020AD2A960035C821 /* JZHBubbleTransition.h */,
				21AF0E3120AD2A960035C821 /* JZHBubbleTransition.m */,
				21AF0E3320AD2C120035C821 /* JZHInteractiveTransition.h */,
				21AF0E3420AD2C120035C821 /* JZHInteractiveTransition.m */,
			);
			path = BubbleTransition;
			sourceTree = "<group>";
		};
		21AF0E3A20AD321D0035C821 /* LoadingHUD */ = {
			isa = PBXGroup;
			children = (
				21AF0E3B20AD32450035C821 /* JZHLoadingHUD.h */,
				21AF0E3C20AD32450035C821 /* JZHLoadingHUD.m */,
			);
			path = LoadingHUD;
			sourceTree = "<group>";
		};
		21AF0E5820AD43770035C821 /* DynamicCover */ = {
			isa = PBXGroup;
			children = (
				21AF0E5920AD43F10035C821 /* JZHDynamicCover.h */,
				21AF0E5A20AD43F10035C821 /* JZHDynamicCover.m */,
				21AF0E5C20AD56490035C821 /* JZHDynamicCoverViewManager.h */,
				21AF0E5D20AD56490035C821 /* JZHDynamicCoverViewManager.m */,
			);
			path = DynamicCover;
			sourceTree = "<group>";
		};
		21AF0E6C20AD73A10035C821 /* FireworkButton */ = {
			isa = PBXGroup;
			children = (
				21AF0E6D20AD74300035C821 /* JZHFireworkView.h */,
				21AF0E6E20AD74300035C821 /* JZHFireworkView.m */,
				21AF0E7020AD789E0035C821 /* JZHFireworkButton.h */,
				21AF0E7120AD789E0035C821 /* JZHFireworkButton.m */,
				21AF0E7320AD7F730035C821 /* JZHFireworkButtonViewManager.h */,
				21AF0E7420AD7F730035C821 /* JZHFireworkButtonViewManager.m */,
			);
			path = FireworkButton;
			sourceTree = "<group>";
		};
		21AF0E9D20ADBD4C0035C821 /* CardView */ = {
			isa = PBXGroup;
			children = (
				21AF0E9E20ADBD710035C821 /* JZHCardView.h */,
				21AF0E9F20ADBD710035C821 /* JZHCardView.m */,
				21AF0EA120ADC0A90035C821 /* JZHCardViewManager.h */,
				21AF0EA220ADC0A90035C821 /* JZHCardViewManager.m */,
			);
			path = CardView;
			sourceTree = "<group>";
		};
		21B2F9FB20B272ED002460B6 /* Drawingboard */ = {
			isa = PBXGroup;
			children = (
				21B2F9FC20B2734D002460B6 /* JZHDrawingboardView.h */,
				21B2F9FD20B2734D002460B6 /* JZHDrawingboardView.m */,
				21B2F9FF20B278AF002460B6 /* JZHDrawingboardViewManager.h */,
				21B2FA0020B278AF002460B6 /* JZHDrawingboardViewManager.m */,
			);
			path = Drawingboard;
			sourceTree = "<group>";
		};
		21B2FA5520B3BDD3002460B6 /* StarsWars */ = {
			isa = PBXGroup;
			children = (
				21B2FAF220B5154F002460B6 /* StarWarsGLAnimator */,
				21B2FA5620B3BE04002460B6 /* JZHStarOverlayView.h */,
				21B2FA5720B3BE04002460B6 /* JZHStarOverlayView.m */,
				21B2FACE20B42DD3002460B6 /* JZHProfileButton.h */,
				21B2FACF20B42DD3002460B6 /* JZHProfileButton.m */,
				21B2FAD420B46724002460B6 /* JZHProfileButtonViewManager.h */,
				21B2FAD520B46724002460B6 /* JZHProfileButtonViewManager.m */,
				21B2FAD120B430B0002460B6 /* CircularRevealAnimator.h */,
				21B2FAD220B430B0002460B6 /* CircularRevealAnimator.m */,
				21B2FA7420B3DCDD002460B6 /* JZHStarOverlayViewManager.h */,
				21B2FA7520B3DCDD002460B6 /* JZHStarOverlayViewManager.m */,
			);
			path = StarsWars;
			sourceTree = "<group>";
		};
		21B2FAE420B509ED002460B6 /* CustomModal */ = {
			isa = PBXGroup;
			children = (
				21B2FB0220B57AD3002460B6 /* RCTModalHostView+JZHUseCustomDelegate.h */,
				21B2FB0320B57AD3002460B6 /* RCTModalHostView+JZHUseCustomDelegate.m */,
				21B2FAFC20B55D4C002460B6 /* JZHModalTransitionDelegate.h */,
				21B2FAFD20B55D4C002460B6 /* JZHModalTransitionDelegate.m */,
			);
			path = CustomModal;
			sourceTree = "<group>";
		};
		21B2FAF220B5154F002460B6 /* StarWarsGLAnimator */ = {
			isa = PBXGroup;
			children = (
				21B2FAF320B51589002460B6 /* JZHSprite.h */,
				21B2FAF420B51589002460B6 /* JZHSprite.m */,
				21B2FAF620B5437E002460B6 /* JZHSpriteRender.h */,
				21B2FAF720B5437E002460B6 /* JZHSpriteRender.m */,
				21B2FAF920B543CE002460B6 /* JZHViewTexture.h */,
				21B2FAFA20B543CE002460B6 /* JZHViewTexture.m */,
				21B2FAEE20B51389002460B6 /* JZHStarWarsGLAnimator.h */,
				21B2FAEF20B51389002460B6 /* JZHStarWarsGLAnimator.m */,
				21B2FB4F20B6A474002460B6 /* JZHUIDynamicAnimator.h */,
				21B2FB5020B6A475002460B6 /* JZHUIDynamicAnimator.m */,
			);
			path = StarWarsGLAnimator;
			sourceTree = "<group>";
		};
/* End PBXGroup section */

/* Begin PBXNativeTarget section */
		2129D39620AACB8B002441FD /* RNCoreAnimationComponents */ = {
			isa = PBXNativeTarget;
			buildConfigurationList = 2129D3A020AACB8B002441FD /* Build configuration list for PBXNativeTarget "RNCoreAnimationComponents" */;
			buildPhases = (
				2129D39320AACB8B002441FD /* Sources */,
				2129D39420AACB8B002441FD /* Frameworks */,
				2129D39520AACB8B002441FD /* CopyFiles */,
			);
			buildRules = (
			);
			dependencies = (
			);
			name = RNCoreAnimationComponents;
			productName = RNCoreAnimationComponents;
			productReference = 2129D39720AACB8B002441FD /* libRNCoreAnimationComponents.a */;
			productType = "com.apple.product-type.library.static";
		};
/* End PBXNativeTarget section */

/* Begin PBXProject section */
		2129D38F20AACB8B002441FD /* Project object */ = {
			isa = PBXProject;
			attributes = {
				CLASSPREFIX = JZH;
				LastUpgradeCheck = 0940;
				ORGANIZATIONNAME = Daubert;
				TargetAttributes = {
					2129D39620AACB8B002441FD = {
						CreatedOnToolsVersion = 9.4;
					};
				};
			};
			buildConfigurationList = 2129D39220AACB8B002441FD /* Build configuration list for PBXProject "RNCoreAnimationComponents" */;
			compatibilityVersion = "Xcode 9.3";
			developmentRegion = en;
			hasScannedForEncodings = 0;
			knownRegions = (
				en,
			);
			mainGroup = 2129D38E20AACB8B002441FD;
			productRefGroup = 2129D39820AACB8B002441FD /* Products */;
			projectDirPath = "";
			projectRoot = "";
			targets = (
				2129D39620AACB8B002441FD /* RNCoreAnimationComponents */,
			);
		};
/* End PBXProject section */

/* Begin PBXSourcesBuildPhase section */
		2129D39320AACB8B002441FD /* Sources */ = {
			isa = PBXSourcesBuildPhase;
			buildActionMask = 2147483647;
			files = (
				2129D45920AADFA8002441FD /* JZHGooeySlideMenu.m in Sources */,
				2129D51320ABEF0F002441FD /* NSString+JZHColorConvertor.m in Sources */,
				21B2FAD320B430B0002460B6 /* CircularRevealAnimator.m in Sources */,
				21B2FB5120B6A475002460B6 /* JZHUIDynamicAnimator.m in Sources */,
				21B2FB0420B57AD3002460B6 /* RCTModalHostView+JZHUseCustomDelegate.m in Sources */,
				2129D3E120AAD04C002441FD /* JZHCircleView.m in Sources */,
				2129D3E420AAD1AE002441FD /* JZHCircleViewManager.m in Sources */,
				21B2FA7620B3DCDD002460B6 /* JZHStarOverlayViewManager.m in Sources */,
				21AF0DF320AC36FF0035C821 /* JZHDownloadButtonViewManager.m in Sources */,
				2129D3DE20AACD2E002441FD /* JZHCircleLayer.m in Sources */,
				2129D47520AB1AD9002441FD /* RCTConvert+SlideMenu.m in Sources */,
				21B2FAD620B46724002460B6 /* JZHProfileButtonViewManager.m in Sources */,
				21AF0E3220AD2A960035C821 /* JZHBubbleTransition.m in Sources */,
				21B2F9FE20B2734D002460B6 /* JZHDrawingboardView.m in Sources */,
				21B2FA0120B278AF002460B6 /* JZHDrawingboardViewManager.m in Sources */,
				2155984A20B1275A00B908C0 /* JZHAnimatedTextView.m in Sources */,
				21AF0EA020ADBD710035C821 /* JZHCardView.m in Sources */,
				2129D45C20AAE659002441FD /* JZHSlideMenuButton.m in Sources */,
				21AF0E3520AD2C120035C821 /* JZHInteractiveTransition.m in Sources */,
				21B2FAFB20B543CE002460B6 /* JZHViewTexture.m in Sources */,
				21B2FAF520B51589002460B6 /* JZHSprite.m in Sources */,
				21B2FA5820B3BE04002460B6 /* JZHStarOverlayView.m in Sources */,
				21AF0EA320ADC0A90035C821 /* JZHCardViewManager.m in Sources */,
				21AF0E7220AD789E0035C821 /* JZHFireworkButton.m in Sources */,
				2155982B20AEE84600B908C0 /* JZHPulseLoaderViewManager.m in Sources */,
				2155982820AEE7A300B908C0 /* JZHPulseLoaderView.m in Sources */,
				21AF0E5B20AD43F10035C821 /* JZHDynamicCover.m in Sources */,
				2129D45F20AAEA7F002441FD /* JZHGooeySlideMenuViewManager.m in Sources */,
				21B2FAD020B42DD3002460B6 /* JZHProfileButton.m in Sources */,
				215597EB20AEC31E00B908C0 /* JZHJumpStar.m in Sources */,
				21B2FAFE20B55D4C002460B6 /* JZHModalTransitionDelegate.m in Sources */,
				215597EE20AEC69A00B908C0 /* JZHJumpStarViewManager.m in Sources */,
				21AF0E5E20AD56490035C821 /* JZHDynamicCoverViewManager.m in Sources */,
				21B2F98220B139CC002460B6 /* JZHAnimatedTextViewManager.m in Sources */,
				21AF0DF020AC33080035C821 /* JZHAnimatedDownloadButton.m in Sources */,
				21AF0E3D20AD32450035C821 /* JZHLoadingHUD.m in Sources */,
				21B2FAF020B51389002460B6 /* JZHStarWarsGLAnimator.m in Sources */,
				21B2FAF820B5437E002460B6 /* JZHSpriteRender.m in Sources */,
				21AF0E7520AD7F730035C821 /* JZHFireworkButtonViewManager.m in Sources */,
				21AF0E6F20AD74300035C821 /* JZHFireworkView.m in Sources */,
			);
			runOnlyForDeploymentPostprocessing = 0;
		};
/* End PBXSourcesBuildPhase section */

/* Begin XCBuildConfiguration section */
		2129D39E20AACB8B002441FD /* Debug */ = {
			isa = XCBuildConfiguration;
			buildSettings = {
				ALWAYS_SEARCH_USER_PATHS = NO;
				CLANG_ANALYZER_NONNULL = YES;
				CLANG_ANALYZER_NUMBER_OBJECT_CONVERSION = YES_AGGRESSIVE;
				CLANG_CXX_LANGUAGE_STANDARD = "gnu++14";
				CLANG_CXX_LIBRARY = "libc++";
				CLANG_ENABLE_MODULES = YES;
				CLANG_ENABLE_OBJC_ARC = YES;
				CLANG_ENABLE_OBJC_WEAK = YES;
				CLANG_WARN_BLOCK_CAPTURE_AUTORELEASING = YES;
				CLANG_WARN_BOOL_CONVERSION = YES;
				CLANG_WARN_COMMA = YES;
				CLANG_WARN_CONSTANT_CONVERSION = YES;
				CLANG_WARN_DEPRECATED_OBJC_IMPLEMENTATIONS = YES;
				CLANG_WARN_DIRECT_OBJC_ISA_USAGE = YES_ERROR;
				CLANG_WARN_DOCUMENTATION_COMMENTS = YES;
				CLANG_WARN_EMPTY_BODY = YES;
				CLANG_WARN_ENUM_CONVERSION = YES;
				CLANG_WARN_INFINITE_RECURSION = YES;
				CLANG_WARN_INT_CONVERSION = YES;
				CLANG_WARN_NON_LITERAL_NULL_CONVERSION = YES;
				CLANG_WARN_OBJC_IMPLICIT_RETAIN_SELF = YES;
				CLANG_WARN_OBJC_LITERAL_CONVERSION = YES;
				CLANG_WARN_OBJC_ROOT_CLASS = YES_ERROR;
				CLANG_WARN_RANGE_LOOP_ANALYSIS = YES;
				CLANG_WARN_STRICT_PROTOTYPES = YES;
				CLANG_WARN_SUSPICIOUS_MOVE = YES;
				CLANG_WARN_UNGUARDED_AVAILABILITY = YES_AGGRESSIVE;
				CLANG_WARN_UNREACHABLE_CODE = YES;
				CLANG_WARN__DUPLICATE_METHOD_MATCH = YES;
				CODE_SIGN_IDENTITY = "iPhone Developer";
				COPY_PHASE_STRIP = NO;
				DEBUG_INFORMATION_FORMAT = dwarf;
				ENABLE_STRICT_OBJC_MSGSEND = YES;
				ENABLE_TESTABILITY = YES;
				GCC_C_LANGUAGE_STANDARD = gnu11;
				GCC_DYNAMIC_NO_PIC = NO;
				GCC_NO_COMMON_BLOCKS = YES;
				GCC_OPTIMIZATION_LEVEL = 0;
				GCC_PREPROCESSOR_DEFINITIONS = (
					"DEBUG=1",
					"$(inherited)",
				);
				GCC_WARN_64_TO_32_BIT_CONVERSION = YES;
				GCC_WARN_ABOUT_RETURN_TYPE = YES_ERROR;
				GCC_WARN_UNDECLARED_SELECTOR = YES;
				GCC_WARN_UNINITIALIZED_AUTOS = YES_AGGRESSIVE;
				GCC_WARN_UNUSED_FUNCTION = YES;
				GCC_WARN_UNUSED_VARIABLE = YES;
				IPHONEOS_DEPLOYMENT_TARGET = 8.0;
				MTL_ENABLE_DEBUG_INFO = YES;
				ONLY_ACTIVE_ARCH = YES;
				SDKROOT = iphoneos;
			};
			name = Debug;
		};
		2129D39F20AACB8B002441FD /* Release */ = {
			isa = XCBuildConfiguration;
			buildSettings = {
				ALWAYS_SEARCH_USER_PATHS = NO;
				CLANG_ANALYZER_NONNULL = YES;
				CLANG_ANALYZER_NUMBER_OBJECT_CONVERSION = YES_AGGRESSIVE;
				CLANG_CXX_LANGUAGE_STANDARD = "gnu++14";
				CLANG_CXX_LIBRARY = "libc++";
				CLANG_ENABLE_MODULES = YES;
				CLANG_ENABLE_OBJC_ARC = YES;
				CLANG_ENABLE_OBJC_WEAK = YES;
				CLANG_WARN_BLOCK_CAPTURE_AUTORELEASING = YES;
				CLANG_WARN_BOOL_CONVERSION = YES;
				CLANG_WARN_COMMA = YES;
				CLANG_WARN_CONSTANT_CONVERSION = YES;
				CLANG_WARN_DEPRECATED_OBJC_IMPLEMENTATIONS = YES;
				CLANG_WARN_DIRECT_OBJC_ISA_USAGE = YES_ERROR;
				CLANG_WARN_DOCUMENTATION_COMMENTS = YES;
				CLANG_WARN_EMPTY_BODY = YES;
				CLANG_WARN_ENUM_CONVERSION = YES;
				CLANG_WARN_INFINITE_RECURSION = YES;
				CLANG_WARN_INT_CONVERSION = YES;
				CLANG_WARN_NON_LITERAL_NULL_CONVERSION = YES;
				CLANG_WARN_OBJC_IMPLICIT_RETAIN_SELF = YES;
				CLANG_WARN_OBJC_LITERAL_CONVERSION = YES;
				CLANG_WARN_OBJC_ROOT_CLASS = YES_ERROR;
				CLANG_WARN_RANGE_LOOP_ANALYSIS = YES;
				CLANG_WARN_STRICT_PROTOTYPES = YES;
				CLANG_WARN_SUSPICIOUS_MOVE = YES;
				CLANG_WARN_UNGUARDED_AVAILABILITY = YES_AGGRESSIVE;
				CLANG_WARN_UNREACHABLE_CODE = YES;
				CLANG_WARN__DUPLICATE_METHOD_MATCH = YES;
				CODE_SIGN_IDENTITY = "iPhone Developer";
				COPY_PHASE_STRIP = NO;
				DEBUG_INFORMATION_FORMAT = "dwarf-with-dsym";
				ENABLE_NS_ASSERTIONS = NO;
				ENABLE_STRICT_OBJC_MSGSEND = YES;
				GCC_C_LANGUAGE_STANDARD = gnu11;
				GCC_NO_COMMON_BLOCKS = YES;
				GCC_WARN_64_TO_32_BIT_CONVERSION = YES;
				GCC_WARN_ABOUT_RETURN_TYPE = YES_ERROR;
				GCC_WARN_UNDECLARED_SELECTOR = YES;
				GCC_WARN_UNINITIALIZED_AUTOS = YES_AGGRESSIVE;
				GCC_WARN_UNUSED_FUNCTION = YES;
				GCC_WARN_UNUSED_VARIABLE = YES;
				IPHONEOS_DEPLOYMENT_TARGET = 8.0;
				MTL_ENABLE_DEBUG_INFO = NO;
				SDKROOT = iphoneos;
				VALIDATE_PRODUCT = YES;
			};
			name = Release;
		};
		2129D3A120AACB8B002441FD /* Debug */ = {
			isa = XCBuildConfiguration;
			buildSettings = {
				CODE_SIGN_STYLE = Automatic;
				DEVELOPMENT_TEAM = TCU9L9SQC4;
				HEADER_SEARCH_PATHS = "$(SRCROOT)/../../react-native/React/**";
				OTHER_LDFLAGS = "-ObjC";
				PRODUCT_NAME = "$(TARGET_NAME)";
				SKIP_INSTALL = YES;
				TARGETED_DEVICE_FAMILY = "1,2";
			};
			name = Debug;
		};
		2129D3A220AACB8B002441FD /* Release */ = {
			isa = XCBuildConfiguration;
			buildSettings = {
				CODE_SIGN_STYLE = Automatic;
				DEVELOPMENT_TEAM = TCU9L9SQC4;
				HEADER_SEARCH_PATHS = "$(SRCROOT)/../../react-native/React/**";
				OTHER_LDFLAGS = "-ObjC";
				PRODUCT_NAME = "$(TARGET_NAME)";
				SKIP_INSTALL = YES;
				TARGETED_DEVICE_FAMILY = "1,2";
			};
			name = Release;
		};
/* End XCBuildConfiguration section */

/* Begin XCConfigurationList section */
		2129D39220AACB8B002441FD /* Build configuration list for PBXProject "RNCoreAnimationComponents" */ = {
			isa = XCConfigurationList;
			buildConfigurations = (
				2129D39E20AACB8B002441FD /* Debug */,
				2129D39F20AACB8B002441FD /* Release */,
			);
			defaultConfigurationIsVisible = 0;
			defaultConfigurationName = Release;
		};
		2129D3A020AACB8B002441FD /* Build configuration list for PBXNativeTarget "RNCoreAnimationComponents" */ = {
			isa = XCConfigurationList;
			buildConfigurations = (
				2129D3A120AACB8B002441FD /* Debug */,
				2129D3A220AACB8B002441FD /* Release */,
			);
			defaultConfigurationIsVisible = 0;
			defaultConfigurationName = Release;
		};
/* End XCConfigurationList section */
	};
	rootObject = 2129D38F20AACB8B002441FD /* Project object */;
}
